
Microsoft Visual Studio Solution File, Format Version 12.00
# Visual Studio Version 16
VisualStudioVersion = 16.6.30114.105
MinimumVisualStudioVersion = 10.0.40219.1
Project("{FAE04EC0-301F-11D3-BF4B-00C04F79EFBC}") = "AirDropAnywhere.Core", "src\AirDropAnywhere.Core\AirDropAnywhere.Core.csproj", "{CF312130-E1A4-4826-8CEE-47C114072B16}"
EndProject
Project("{FAE04EC0-301F-11D3-BF4B-00C04F79EFBC}") = "AirDropAnywhere.Cli", "src\AirDropAnywhere.Cli\AirDropAnywhere.Cli.csproj", "{C8951036-357C-471A-A52B-FDEC9E0A970E}"
EndProject
Project("{2150E333-8FDC-42A3-9474-1A3956D46DE8}") = "src", "src", "{DC218991-B117-4703-B51C-29A61DC4C8DF}"
EndProject
Project("{2150E333-8FDC-42A3-9474-1A3956D46DE8}") = "tests", "tests", "{B6A7851D-A7F6-4829-B92F-737EB598B8DC}"
EndProject
Project("{FAE04EC0-301F-11D3-BF4B-00C04F79EFBC}") = "AirDropAnywhere.Tests", "tests\AirDropAnywhere.Tests\AirDropAnywhere.Tests.csproj", "{33D345D6-30F7-4B27-B229-E9B507D6D249}"
EndProject
Global
	GlobalSection(SolutionConfigurationPlatforms) = preSolution
		Debug|Any CPU = Debug|Any CPU
		Debug|x64 = Debug|x64
		Debug|x86 = Debug|x86
		Release|Any CPU = Release|Any CPU
		Release|x64 = Release|x64
		Release|x86 = Release|x86
	EndGlobalSection
	GlobalSection(SolutionProperties) = preSolution
		HideSolutionNode = FALSE
	EndGlobalSection
	GlobalSection(ProjectConfigurationPlatforms) = postSolution
		{CF312130-E1A4-4826-8CEE-47C114072B16}.Debug|Any CPU.ActiveCfg = Debug|Any CPU
		{CF312130-E1A4-4826-8CEE-47C114072B16}.Debug|Any CPU.Build.0 = Debug|Any CPU
		{CF312130-E1A4-4826-8CEE-47C114072B16}.Debug|x64.ActiveCfg = Debug|Any CPU
		{CF312130-E1A4-4826-8CEE-47C114072B16}.Debug|x64.Build.0 = Debug|Any CPU
		{CF312130-E1A4-4826-8CEE-47C114072B16}.Debug|x86.ActiveCfg = Debug|Any CPU
		{CF312130-E1A4-4826-8CEE-47C114072B16}.Debug|x86.Build.0 = Debug|Any CPU
		{CF312130-E1A4-4826-8CEE-47C114072B16}.Release|Any CPU.ActiveCfg = Release|Any CPU
		{CF312130-E1A4-4826-8CEE-47C114072B16}.Release|Any CPU.Build.0 = Release|Any CPU
		{CF312130-E1A4-4826-8CEE-47C114072B16}.Release|x64.ActiveCfg = Release|Any CPU
		{CF312130-E1A4-4826-8CEE-47C114072B16}.Release|x64.Build.0 = Release|Any CPU
		{CF312130-E1A4-4826-8CEE-47C114072B16}.Release|x86.ActiveCfg = Release|Any CPU
		{CF312130-E1A4-4826-8CEE-47C114072B16}.Release|x86.Build.0 = Release|Any CPU
		{C8951036-357C-471A-A52B-FDEC9E0A970E}.Debug|Any CPU.ActiveCfg = Debug|Any CPU
		{C8951036-357C-471A-A52B-FDEC9E0A970E}.Debug|Any CPU.Build.0 = Debug|Any CPU
		{C8951036-357C-471A-A52B-FDEC9E0A970E}.Debug|x64.ActiveCfg = Debug|Any CPU
		{C8951036-357C-471A-A52B-FDEC9E0A970E}.Debug|x64.Build.0 = Debug|Any CPU
		{C8951036-357C-471A-A52B-FDEC9E0A970E}.Debug|x86.ActiveCfg = Debug|Any CPU
		{C8951036-357C-471A-A52B-FDEC9E0A970E}.Debug|x86.Build.0 = Debug|Any CPU
		{C8951036-357C-471A-A52B-FDEC9E0A970E}.Release|Any CPU.ActiveCfg = Release|Any CPU
		{C8951036-357C-471A-A52B-FDEC9E0A970E}.Release|Any CPU.Build.0 = Release|Any CPU
		{C8951036-357C-471A-A52B-FDEC9E0A970E}.Release|x64.ActiveCfg = Release|Any CPU
		{C8951036-357C-471A-A52B-FDEC9E0A970E}.Release|x64.Build.0 = Release|Any CPU
		{C8951036-357C-471A-A52B-FDEC9E0A970E}.Release|x86.ActiveCfg = Release|Any CPU
		{C8951036-357C-471A-A52B-FDEC9E0A970E}.Release|x86.Build.0 = Release|Any CPU
		{33D345D6-30F7-4B27-B229-E9B507D6D249}.Debug|Any CPU.ActiveCfg = Debug|Any CPU
		{33D345D6-30F7-4B27-B229-E9B507D6D249}.Debug|Any CPU.Build.0 = Debug|Any CPU
		{33D345D6-30F7-4B27-B229-E9B507D6D249}.Debug|x64.ActiveCfg = Debug|Any CPU
		{33D345D6-30F7-4B27-B229-E9B507D6D249}.Debug|x64.Build.0 = Debug|Any CPU
		{33D345D6-30F7-4B27-B229-E9B507D6D249}.Debug|x86.ActiveCfg = Debug|Any CPU
		{33D345D6-30F7-4B27-B229-E9B507D6D249}.Debug|x86.Build.0 = Debug|Any CPU
		{33D345D6-30F7-4B27-B229-E9B507D6D249}.Release|Any CPU.ActiveCfg = Release|Any CPU
		{33D345D6-30F7-4B27-B229-E9B507D6D249}.Release|Any CPU.Build.0 = Release|Any CPU
		{33D345D6-30F7-4B27-B229-E9B507D6D249}.Release|x64.ActiveCfg = Release|Any CPU
		{33D345D6-30F7-4B27-B229-E9B507D6D249}.Release|x64.Build.0 = Release|Any CPU
		{33D345D6-30F7-4B27-B229-E9B507D6D249}.Release|x86.ActiveCfg = Release|Any CPU
		{33D345D6-30F7-4B27-B229-E9B507D6D249}.Release|x86.Build.0 = Release|Any CPU
	EndGlobalSection
	GlobalSection(NestedProjects) = preSolution
		{C8951036-357C-471A-A52B-FDEC9E0A970E} = {DC218991-B117-4703-B51C-29A61DC4C8DF}
		{CF312130-E1A4-4826-8CEE-47C114072B16} = {DC218991-B117-4703-B51C-29A61DC4C8DF}
		{33D345D6-30F7-4B27-B229-E9B507D6D249} = {B6A7851D-A7F6-4829-B92F-737EB598B8DC}
	EndGlobalSection
EndGlobal
